
Microsoft Visual Studio Solution File, Format Version 12.00
# Visual Studio 15
VisualStudioVersion = 15.0.28010.2016
MinimumVisualStudioVersion = 10.0.40219.1
Project("{8BC9CEB8-8B4A-11D0-8D11-00A0C91BC942}") = "SP0256-AL2 Lexicon", "SP0256-AL2 Lexicon\SP0256-AL2 Lexicon.vcxproj", "{49C1D10C-1B5C-41FB-B3AF-AA89B5E1C6D0}"
EndProject
Global
	GlobalSection(SolutionConfigurationPlatforms) = preSolution
		Debug|x64 = Debug|x64
		Debug|x86 = Debug|x86
		Release|x64 = Release|x64
		Release|x86 = Release|x86
	EndGlobalSection
	GlobalSection(ProjectConfigurationPlatforms) = postSolution
		{49C1D10C-1B5C-41FB-B3AF-AA89B5E1C6D0}.Debug|x64.ActiveCfg = Debug|x64
		{49C1D10C-1B5C-41FB-B3AF-AA89B5E1C6D0}.Debug|x64.Build.0 = Debug|x64
		{49C1D10C-1B5C-41FB-B3AF-AA89B5E1C6D0}.Debug|x86.ActiveCfg = Debug|Win32
		{49C1D10C-1B5C-41FB-B3AF-AA89B5E1C6D0}.Debug|x86.Build.0 = Debug|Win32
		{49C1D10C-1B5C-41FB-B3AF-AA89B5E1C6D0}.Release|x64.ActiveCfg = Release|x64
		{49C1D10C-1B5C-41FB-B3AF-AA89B5E1C6D0}.Release|x64.Build.0 = Release|x64
		{49C1D10C-1B5C-41FB-B3AF-AA89B5E1C6D0}.Release|x86.ActiveCfg = Release|Win32
		{49C1D10C-1B5C-41FB-B3AF-AA89B5E1C6D0}.Release|x86.Build.0 = Release|Win32
	EndGlobalSection
	GlobalSection(SolutionProperties) = preSolution
		HideSolutionNode = FALSE
	EndGlobalSection
	GlobalSection(ExtensibilityGlobals) = postSolution
		SolutionGuid = {AE101E2D-824B-4996-8AAF-DD54F46F07CF}
	EndGlobalSection
EndGlobal
